
Microsoft Visual Studio Solution File, Format Version 12.00
# Visual Studio Version 17
VisualStudioVersion = 17.5.002.0
MinimumVisualStudioVersion = 10.0.40219.1
Project("{9A19103F-16F7-4668-BE54-9A1E7A4F7556}") = "MeetingApp", "MeetingApp.csproj", "{93E5C344-641E-443C-8AC6-33C6947A6D46}"
EndProject
Global
	GlobalSection(SolutionConfigurationPlatforms) = preSolution
		Debug|Any CPU = Debug|Any CPU
		Release|Any CPU = Release|Any CPU
	EndGlobalSection
	GlobalSection(ProjectConfigurationPlatforms) = postSolution
		{93E5C344-641E-443C-8AC6-33C6947A6D46}.Debug|Any CPU.ActiveCfg = Debug|Any CPU
		{93E5C344-641E-443C-8AC6-33C6947A6D46}.Debug|Any CPU.Build.0 = Debug|Any CPU
		{93E5C344-641E-443C-8AC6-33C6947A6D46}.Release|Any CPU.ActiveCfg = Release|Any CPU
		{93E5C344-641E-443C-8AC6-33C6947A6D46}.Release|Any CPU.Build.0 = Release|Any CPU
	EndGlobalSection
	GlobalSection(SolutionProperties) = preSolution
		HideSolutionNode = FALSE
	EndGlobalSection
	GlobalSection(ExtensibilityGlobals) = postSolution
		SolutionGuid = {E0BDD4FF-F1FA-4FE5-9E21-FC302D017961}
	EndGlobalSection
EndGlobal
